
Microsoft Visual Studio Solution File, Format Version 12.00
# Visual Studio Version 17
VisualStudioVersion = 17.0.31903.59
MinimumVisualStudioVersion = 10.0.40219.1
Project("{2150E333-8FDC-42A3-9474-1A3956D46DE8}") = "src", "src", "{A1B2C3D4-0001-0001-0001-000000000001}"
EndProject
Project("{FAE04EC0-301F-11D3-BF4B-00C04F79EFBC}") = "AccessControl.Api", "src\AccessControl.Api\AccessControl.Api.csproj", "{A1B2C3D4-0002-0002-0002-000000000002}"
EndProject
Project("{FAE04EC0-301F-11D3-BF4B-00C04F79EFBC}") = "AccessControl.Application", "src\AccessControl.Application\AccessControl.Application.csproj", "{A1B2C3D4-0003-0003-0003-000000000003}"
EndProject
Project("{FAE04EC0-301F-11D3-BF4B-00C04F79EFBC}") = "AccessControl.Domain", "src\AccessControl.Domain\AccessControl.Domain.csproj", "{A1B2C3D4-0004-0004-0004-000000000004}"
EndProject
Project("{FAE04EC0-301F-11D3-BF4B-00C04F79EFBC}") = "AccessControl.Infrastructure", "src\AccessControl.Infrastructure\AccessControl.Infrastructure.csproj", "{A1B2C3D4-0005-0005-0005-000000000005}"
EndProject
Project("{FAE04EC0-301F-11D3-BF4B-00C04F79EFBC}") = "AccessControl.UI", "src\AccessControl.UI\AccessControl.UI.csproj", "{35520F3D-FDEE-4B1A-A9C6-BA1E6715490D}"
EndProject
Project("{2150E333-8FDC-42A3-9474-1A3956D46DE8}") = "tests", "tests", "{0AB3BF05-4346-4AA6-1389-037BE0695223}"
EndProject
Project("{FAE04EC0-301F-11D3-BF4B-00C04F79EFBC}") = "AccessControl.Domain.Tests", "tests\AccessControl.Domain.Tests\AccessControl.Domain.Tests.csproj", "{4EC274D9-FF89-4D0F-B57B-DE83BD31EDA0}"
EndProject
Project("{FAE04EC0-301F-11D3-BF4B-00C04F79EFBC}") = "AccessControl.Application.Tests", "tests\AccessControl.Application.Tests\AccessControl.Application.Tests.csproj", "{9C0297DE-EA01-407A-9795-4B41BCDB5467}"
EndProject
Global
	GlobalSection(SolutionConfigurationPlatforms) = preSolution
		Debug|Any CPU = Debug|Any CPU
		Debug|x64 = Debug|x64
		Debug|x86 = Debug|x86
		Release|Any CPU = Release|Any CPU
		Release|x64 = Release|x64
		Release|x86 = Release|x86
	EndGlobalSection
	GlobalSection(ProjectConfigurationPlatforms) = postSolution
		{A1B2C3D4-0002-0002-0002-000000000002}.Debug|Any CPU.ActiveCfg = Debug|Any CPU
		{A1B2C3D4-0002-0002-0002-000000000002}.Debug|Any CPU.Build.0 = Debug|Any CPU
		{A1B2C3D4-0002-0002-0002-000000000002}.Debug|x64.ActiveCfg = Debug|Any CPU
		{A1B2C3D4-0002-0002-0002-000000000002}.Debug|x64.Build.0 = Debug|Any CPU
		{A1B2C3D4-0002-0002-0002-000000000002}.Debug|x86.ActiveCfg = Debug|Any CPU
		{A1B2C3D4-0002-0002-0002-000000000002}.Debug|x86.Build.0 = Debug|Any CPU
		{A1B2C3D4-0002-0002-0002-000000000002}.Release|Any CPU.ActiveCfg = Release|Any CPU
		{A1B2C3D4-0002-0002-0002-000000000002}.Release|Any CPU.Build.0 = Release|Any CPU
		{A1B2C3D4-0002-0002-0002-000000000002}.Release|x64.ActiveCfg = Release|Any CPU
		{A1B2C3D4-0002-0002-0002-000000000002}.Release|x64.Build.0 = Release|Any CPU
		{A1B2C3D4-0002-0002-0002-000000000002}.Release|x86.ActiveCfg = Release|Any CPU
		{A1B2C3D4-0002-0002-0002-000000000002}.Release|x86.Build.0 = Release|Any CPU
		{A1B2C3D4-0003-0003-0003-000000000003}.Debug|Any CPU.ActiveCfg = Debug|Any CPU
		{A1B2C3D4-0003-0003-0003-000000000003}.Debug|Any CPU.Build.0 = Debug|Any CPU
		{A1B2C3D4-0003-0003-0003-000000000003}.Debug|x64.ActiveCfg = Debug|Any CPU
		{A1B2C3D4-0003-0003-0003-000000000003}.Debug|x64.Build.0 = Debug|Any CPU
		{A1B2C3D4-0003-0003-0003-000000000003}.Debug|x86.ActiveCfg = Debug|Any CPU
		{A1B2C3D4-0003-0003-0003-000000000003}.Debug|x86.Build.0 = Debug|Any CPU
		{A1B2C3D4-0003-0003-0003-000000000003}.Release|Any CPU.ActiveCfg = Release|Any CPU
		{A1B2C3D4-0003-0003-0003-000000000003}.Release|Any CPU.Build.0 = Release|Any CPU
		{A1B2C3D4-0003-0003-0003-000000000003}.Release|x64.ActiveCfg = Release|Any CPU
		{A1B2C3D4-0003-0003-0003-000000000003}.Release|x64.Build.0 = Release|Any CPU
		{A1B2C3D4-0003-0003-0003-000000000003}.Release|x86.ActiveCfg = Release|Any CPU
		{A1B2C3D4-0003-0003-0003-000000000003}.Release|x86.Build.0 = Release|Any CPU
		{A1B2C3D4-0004-0004-0004-000000000004}.Debug|Any CPU.ActiveCfg = Debug|Any CPU
		{A1B2C3D4-0004-0004-0004-000000000004}.Debug|Any CPU.Build.0 = Debug|Any CPU
		{A1B2C3D4-0004-0004-0004-000000000004}.Debug|x64.ActiveCfg = Debug|Any CPU
		{A1B2C3D4-0004-0004-0004-000000000004}.Debug|x64.Build.0 = Debug|Any CPU
		{A1B2C3D4-0004-0004-0004-000000000004}.Debug|x86.ActiveCfg = Debug|Any CPU
		{A1B2C3D4-0004-0004-0004-000000000004}.Debug|x86.Build.0 = Debug|Any CPU
		{A1B2C3D4-0004-0004-0004-000000000004}.Release|Any CPU.ActiveCfg = Release|Any CPU
		{A1B2C3D4-0004-0004-0004-000000000004}.Release|Any CPU.Build.0 = Release|Any CPU
		{A1B2C3D4-0004-0004-0004-000000000004}.Release|x64.ActiveCfg = Release|Any CPU
		{A1B2C3D4-0004-0004-0004-000000000004}.Release|x64.Build.0 = Release|Any CPU
		{A1B2C3D4-0004-0004-0004-000000000004}.Release|x86.ActiveCfg = Release|Any CPU
		{A1B2C3D4-0004-0004-0004-000000000004}.Release|x86.Build.0 = Release|Any CPU
		{A1B2C3D4-0005-0005-0005-000000000005}.Debug|Any CPU.ActiveCfg = Debug|Any CPU
		{A1B2C3D4-0005-0005-0005-000000000005}.Debug|Any CPU.Build.0 = Debug|Any CPU
		{A1B2C3D4-0005-0005-0005-000000000005}.Debug|x64.ActiveCfg = Debug|Any CPU
		{A1B2C3D4-0005-0005-0005-000000000005}.Debug|x64.Build.0 = Debug|Any CPU
		{A1B2C3D4-0005-0005-0005-000000000005}.Debug|x86.ActiveCfg = Debug|Any CPU
		{A1B2C3D4-0005-0005-0005-000000000005}.Debug|x86.Build.0 = Debug|Any CPU
		{A1B2C3D4-0005-0005-0005-000000000005}.Release|Any CPU.ActiveCfg = Release|Any CPU
		{A1B2C3D4-0005-0005-0005-000000000005}.Release|Any CPU.Build.0 = Release|Any CPU
		{A1B2C3D4-0005-0005-0005-000000000005}.Release|x64.ActiveCfg = Release|Any CPU
		{A1B2C3D4-0005-0005-0005-000000000005}.Release|x64.Build.0 = Release|Any CPU
		{A1B2C3D4-0005-0005-0005-000000000005}.Release|x86.ActiveCfg = Release|Any CPU
		{A1B2C3D4-0005-0005-0005-000000000005}.Release|x86.Build.0 = Release|Any CPU
		{35520F3D-FDEE-4B1A-A9C6-BA1E6715490D}.Debug|Any CPU.ActiveCfg = Debug|Any CPU
		{35520F3D-FDEE-4B1A-A9C6-BA1E6715490D}.Debug|Any CPU.Build.0 = Debug|Any CPU
		{35520F3D-FDEE-4B1A-A9C6-BA1E6715490D}.Debug|x64.ActiveCfg = Debug|Any CPU
		{35520F3D-FDEE-4B1A-A9C6-BA1E6715490D}.Debug|x64.Build.0 = Debug|Any CPU
		{35520F3D-FDEE-4B1A-A9C6-BA1E6715490D}.Debug|x86.ActiveCfg = Debug|Any CPU
		{35520F3D-FDEE-4B1A-A9C6-BA1E6715490D}.Debug|x86.Build.0 = Debug|Any CPU
		{35520F3D-FDEE-4B1A-A9C6-BA1E6715490D}.Release|Any CPU.ActiveCfg = Release|Any CPU
		{35520F3D-FDEE-4B1A-A9C6-BA1E6715490D}.Release|Any CPU.Build.0 = Release|Any CPU
		{35520F3D-FDEE-4B1A-A9C6-BA1E6715490D}.Release|x64.ActiveCfg = Release|Any CPU
		{35520F3D-FDEE-4B1A-A9C6-BA1E6715490D}.Release|x64.Build.0 = Release|Any CPU
		{35520F3D-FDEE-4B1A-A9C6-BA1E6715490D}.Release|x86.ActiveCfg = Release|Any CPU
		{35520F3D-FDEE-4B1A-A9C6-BA1E6715490D}.Release|x86.Build.0 = Release|Any CPU
		{4EC274D9-FF89-4D0F-B57B-DE83BD31EDA0}.Debug|Any CPU.ActiveCfg = Debug|Any CPU
		{4EC274D9-FF89-4D0F-B57B-DE83BD31EDA0}.Debug|Any CPU.Build.0 = Debug|Any CPU
		{4EC274D9-FF89-4D0F-B57B-DE83BD31EDA0}.Debug|x64.ActiveCfg = Debug|Any CPU
		{4EC274D9-FF89-4D0F-B57B-DE83BD31EDA0}.Debug|x64.Build.0 = Debug|Any CPU
		{4EC274D9-FF89-4D0F-B57B-DE83BD31EDA0}.Debug|x86.ActiveCfg = Debug|Any CPU
		{4EC274D9-FF89-4D0F-B57B-DE83BD31EDA0}.Debug|x86.Build.0 = Debug|Any CPU
		{4EC274D9-FF89-4D0F-B57B-DE83BD31EDA0}.Release|Any CPU.ActiveCfg = Release|Any CPU
		{4EC274D9-FF89-4D0F-B57B-DE83BD31EDA0}.Release|Any CPU.Build.0 = Release|Any CPU
		{4EC274D9-FF89-4D0F-B57B-DE83BD31EDA0}.Release|x64.ActiveCfg = Release|Any CPU
		{4EC274D9-FF89-4D0F-B57B-DE83BD31EDA0}.Release|x64.Build.0 = Release|Any CPU
		{4EC274D9-FF89-4D0F-B57B-DE83BD31EDA0}.Release|x86.ActiveCfg = Release|Any CPU
		{4EC274D9-FF89-4D0F-B57B-DE83BD31EDA0}.Release|x86.Build.0 = Release|Any CPU
		{9C0297DE-EA01-407A-9795-4B41BCDB5467}.Debug|Any CPU.ActiveCfg = Debug|Any CPU
		{9C0297DE-EA01-407A-9795-4B41BCDB5467}.Debug|Any CPU.Build.0 = Debug|Any CPU
		{9C0297DE-EA01-407A-9795-4B41BCDB5467}.Debug|x64.ActiveCfg = Debug|Any CPU
		{9C0297DE-EA01-407A-9795-4B41BCDB5467}.Debug|x64.Build.0 = Debug|Any CPU
		{9C0297DE-EA01-407A-9795-4B41BCDB5467}.Debug|x86.ActiveCfg = Debug|Any CPU
		{9C0297DE-EA01-407A-9795-4B41BCDB5467}.Debug|x86.Build.0 = Debug|Any CPU
		{9C0297DE-EA01-407A-9795-4B41BCDB5467}.Release|Any CPU.ActiveCfg = Release|Any CPU
		{9C0297DE-EA01-407A-9795-4B41BCDB5467}.Release|Any CPU.Build.0 = Release|Any CPU
		{9C0297DE-EA01-407A-9795-4B41BCDB5467}.Release|x64.ActiveCfg = Release|Any CPU
		{9C0297DE-EA01-407A-9795-4B41BCDB5467}.Release|x64.Build.0 = Release|Any CPU
		{9C0297DE-EA01-407A-9795-4B41BCDB5467}.Release|x86.ActiveCfg = Release|Any CPU
		{9C0297DE-EA01-407A-9795-4B41BCDB5467}.Release|x86.Build.0 = Release|Any CPU
	EndGlobalSection
	GlobalSection(SolutionProperties) = preSolution
		HideSolutionNode = FALSE
	EndGlobalSection
	GlobalSection(NestedProjects) = preSolution
		{A1B2C3D4-0002-0002-0002-000000000002} = {A1B2C3D4-0001-0001-0001-000000000001}
		{A1B2C3D4-0003-0003-0003-000000000003} = {A1B2C3D4-0001-0001-0001-000000000001}
		{A1B2C3D4-0004-0004-0004-000000000004} = {A1B2C3D4-0001-0001-0001-000000000001}
		{A1B2C3D4-0005-0005-0005-000000000005} = {A1B2C3D4-0001-0001-0001-000000000001}
		{35520F3D-FDEE-4B1A-A9C6-BA1E6715490D} = {A1B2C3D4-0001-0001-0001-000000000001}
		{4EC274D9-FF89-4D0F-B57B-DE83BD31EDA0} = {0AB3BF05-4346-4AA6-1389-037BE0695223}
		{9C0297DE-EA01-407A-9795-4B41BCDB5467} = {0AB3BF05-4346-4AA6-1389-037BE0695223}
	EndGlobalSection
EndGlobal
